
Microsoft Visual Studio Solution File, Format Version 12.00
# Visual Studio 2012
Project("{FAE04EC0-301F-11D3-BF4B-00C04F79EFBC}") = "2006", "2006\2006.csproj", "{5436E319-9D91-4B40-A7D2-A6AAC4B05A0C}"
EndProject
Global
	GlobalSection(SolutionConfigurationPlatforms) = preSolution
		Debug|Any CPU = Debug|Any CPU
		Release|Any CPU = Release|Any CPU
	EndGlobalSection
	GlobalSection(ProjectConfigurationPlatforms) = postSolution
		{5436E319-9D91-4B40-A7D2-A6AAC4B05A0C}.Debug|Any CPU.ActiveCfg = Debug|Any CPU
		{5436E319-9D91-4B40-A7D2-A6AAC4B05A0C}.Debug|Any CPU.Build.0 = Debug|Any CPU
		{5436E319-9D91-4B40-A7D2-A6AAC4B05A0C}.Release|Any CPU.ActiveCfg = Release|Any CPU
		{5436E319-9D91-4B40-A7D2-A6AAC4B05A0C}.Release|Any CPU.Build.0 = Release|Any CPU
	EndGlobalSection
	GlobalSection(SolutionProperties) = preSolution
		HideSolutionNode = FALSE
	EndGlobalSection
EndGlobal
