
Microsoft Visual Studio Solution File, Format Version 12.00
# Visual Studio 2012
Project("{FAE04EC0-301F-11D3-BF4B-00C04F79EFBC}") = "1177", "1177\1177.csproj", "{77D23460-D70E-43A6-B795-0E1E50CC6D04}"
EndProject
Global
	GlobalSection(SolutionConfigurationPlatforms) = preSolution
		Debug|Any CPU = Debug|Any CPU
		Release|Any CPU = Release|Any CPU
	EndGlobalSection
	GlobalSection(ProjectConfigurationPlatforms) = postSolution
		{77D23460-D70E-43A6-B795-0E1E50CC6D04}.Debug|Any CPU.ActiveCfg = Debug|Any CPU
		{77D23460-D70E-43A6-B795-0E1E50CC6D04}.Debug|Any CPU.Build.0 = Debug|Any CPU
		{77D23460-D70E-43A6-B795-0E1E50CC6D04}.Release|Any CPU.ActiveCfg = Release|Any CPU
		{77D23460-D70E-43A6-B795-0E1E50CC6D04}.Release|Any CPU.Build.0 = Release|Any CPU
	EndGlobalSection
	GlobalSection(SolutionProperties) = preSolution
		HideSolutionNode = FALSE
	EndGlobalSection
EndGlobal
