
Microsoft Visual Studio Solution File, Format Version 12.00
# Visual Studio 2012
Project("{FAE04EC0-301F-11D3-BF4B-00C04F79EFBC}") = "2523", "2523\2523.csproj", "{CF3A93D3-E973-445D-B78C-9BFCAE650A09}"
EndProject
Global
	GlobalSection(SolutionConfigurationPlatforms) = preSolution
		Debug|Any CPU = Debug|Any CPU
		Release|Any CPU = Release|Any CPU
	EndGlobalSection
	GlobalSection(ProjectConfigurationPlatforms) = postSolution
		{CF3A93D3-E973-445D-B78C-9BFCAE650A09}.Debug|Any CPU.ActiveCfg = Debug|Any CPU
		{CF3A93D3-E973-445D-B78C-9BFCAE650A09}.Debug|Any CPU.Build.0 = Debug|Any CPU
		{CF3A93D3-E973-445D-B78C-9BFCAE650A09}.Release|Any CPU.ActiveCfg = Release|Any CPU
		{CF3A93D3-E973-445D-B78C-9BFCAE650A09}.Release|Any CPU.Build.0 = Release|Any CPU
	EndGlobalSection
	GlobalSection(SolutionProperties) = preSolution
		HideSolutionNode = FALSE
	EndGlobalSection
EndGlobal
