
Microsoft Visual Studio Solution File, Format Version 12.00
# Visual Studio 2012
Project("{FAE04EC0-301F-11D3-BF4B-00C04F79EFBC}") = "1866", "1866\1866.csproj", "{D514E0F7-2F65-4047-A48E-874E773A7961}"
EndProject
Global
	GlobalSection(SolutionConfigurationPlatforms) = preSolution
		Debug|Any CPU = Debug|Any CPU
		Release|Any CPU = Release|Any CPU
	EndGlobalSection
	GlobalSection(ProjectConfigurationPlatforms) = postSolution
		{D514E0F7-2F65-4047-A48E-874E773A7961}.Debug|Any CPU.ActiveCfg = Debug|Any CPU
		{D514E0F7-2F65-4047-A48E-874E773A7961}.Debug|Any CPU.Build.0 = Debug|Any CPU
		{D514E0F7-2F65-4047-A48E-874E773A7961}.Release|Any CPU.ActiveCfg = Release|Any CPU
		{D514E0F7-2F65-4047-A48E-874E773A7961}.Release|Any CPU.Build.0 = Release|Any CPU
	EndGlobalSection
	GlobalSection(SolutionProperties) = preSolution
		HideSolutionNode = FALSE
	EndGlobalSection
EndGlobal
