
Microsoft Visual Studio Solution File, Format Version 12.00
# Visual Studio 2012
Project("{FAE04EC0-301F-11D3-BF4B-00C04F79EFBC}") = "2172", "2172\2172.csproj", "{2D86D256-A99E-452C-B506-28F921C4881B}"
EndProject
Global
	GlobalSection(SolutionConfigurationPlatforms) = preSolution
		Debug|Any CPU = Debug|Any CPU
		Release|Any CPU = Release|Any CPU
	EndGlobalSection
	GlobalSection(ProjectConfigurationPlatforms) = postSolution
		{2D86D256-A99E-452C-B506-28F921C4881B}.Debug|Any CPU.ActiveCfg = Debug|Any CPU
		{2D86D256-A99E-452C-B506-28F921C4881B}.Debug|Any CPU.Build.0 = Debug|Any CPU
		{2D86D256-A99E-452C-B506-28F921C4881B}.Release|Any CPU.ActiveCfg = Release|Any CPU
		{2D86D256-A99E-452C-B506-28F921C4881B}.Release|Any CPU.Build.0 = Release|Any CPU
	EndGlobalSection
	GlobalSection(SolutionProperties) = preSolution
		HideSolutionNode = FALSE
	EndGlobalSection
EndGlobal
